
Microsoft Visual Studio Solution File, Format Version 12.00
# Visual Studio Version 16
VisualStudioVersion = 16.0.33027.164
MinimumVisualStudioVersion = 10.0.40219.1
Project("{FAE04EC0-301F-11D3-BF4B-00C04F79EFBC}") = "InfirmerieGUI", "InfirmerieGUI\InfirmerieGUI.csproj", "{D9352204-0A61-4031-919B-9C70015980C1}"
EndProject
Project("{FAE04EC0-301F-11D3-BF4B-00C04F79EFBC}") = "InfirmerieBLL", "InfirmerieBLL\InfirmerieBLL.csproj", "{F6FBEA19-0712-4620-8AB9-C66034964733}"
EndProject
Project("{FAE04EC0-301F-11D3-BF4B-00C04F79EFBC}") = "InfirmerieBO", "InfirmerieBO\InfirmerieBO.csproj", "{DE2A0AF5-2949-4AA7-82B2-E31F5A116C2D}"
EndProject
Project("{FAE04EC0-301F-11D3-BF4B-00C04F79EFBC}") = "InfirmerieDAL", "InfirmerieDAL\InfirmerieDAL.csproj", "{7C3EA8B1-BBD8-4375-95AF-7437B6904C02}"
EndProject
Global
	GlobalSection(SolutionConfigurationPlatforms) = preSolution
		Debug|Any CPU = Debug|Any CPU
		Release|Any CPU = Release|Any CPU
	EndGlobalSection
	GlobalSection(ProjectConfigurationPlatforms) = postSolution
		{D9352204-0A61-4031-919B-9C70015980C1}.Debug|Any CPU.ActiveCfg = Debug|Any CPU
		{D9352204-0A61-4031-919B-9C70015980C1}.Debug|Any CPU.Build.0 = Debug|Any CPU
		{D9352204-0A61-4031-919B-9C70015980C1}.Release|Any CPU.ActiveCfg = Release|Any CPU
		{D9352204-0A61-4031-919B-9C70015980C1}.Release|Any CPU.Build.0 = Release|Any CPU
		{F6FBEA19-0712-4620-8AB9-C66034964733}.Debug|Any CPU.ActiveCfg = Debug|Any CPU
		{F6FBEA19-0712-4620-8AB9-C66034964733}.Debug|Any CPU.Build.0 = Debug|Any CPU
		{F6FBEA19-0712-4620-8AB9-C66034964733}.Release|Any CPU.ActiveCfg = Release|Any CPU
		{F6FBEA19-0712-4620-8AB9-C66034964733}.Release|Any CPU.Build.0 = Release|Any CPU
		{DE2A0AF5-2949-4AA7-82B2-E31F5A116C2D}.Debug|Any CPU.ActiveCfg = Debug|Any CPU
		{DE2A0AF5-2949-4AA7-82B2-E31F5A116C2D}.Debug|Any CPU.Build.0 = Debug|Any CPU
		{DE2A0AF5-2949-4AA7-82B2-E31F5A116C2D}.Release|Any CPU.ActiveCfg = Release|Any CPU
		{DE2A0AF5-2949-4AA7-82B2-E31F5A116C2D}.Release|Any CPU.Build.0 = Release|Any CPU
		{7C3EA8B1-BBD8-4375-95AF-7437B6904C02}.Debug|Any CPU.ActiveCfg = Debug|Any CPU
		{7C3EA8B1-BBD8-4375-95AF-7437B6904C02}.Debug|Any CPU.Build.0 = Debug|Any CPU
		{7C3EA8B1-BBD8-4375-95AF-7437B6904C02}.Release|Any CPU.ActiveCfg = Release|Any CPU
		{7C3EA8B1-BBD8-4375-95AF-7437B6904C02}.Release|Any CPU.Build.0 = Release|Any CPU
	EndGlobalSection
	GlobalSection(SolutionProperties) = preSolution
		HideSolutionNode = FALSE
	EndGlobalSection
	GlobalSection(ExtensibilityGlobals) = postSolution
		SolutionGuid = {1BAE3231-1AFC-4BB2-BF6E-634544B85DB3}
	EndGlobalSection
EndGlobal
